// !$*UTF8*$!
{
	archiveVersion = 1;
	classes = {
	};
	objectVersion = 46;
	objects = {

/* Begin PBXBuildFile section */
		0E07AC5A1B80176500134328 /* TableViewCell.swift in Sources */ = {isa = PBXBuildFile; fileRef = 0E07AC591B80176500134328 /* TableViewCell.swift */; };
		0E1DD5FB1B7469A40028095E /* AppDelegate.swift in Sources */ = {isa = PBXBuildFile; fileRef = 0E1DD5FA1B7469A40028095E /* AppDelegate.swift */; };
		0E1DD5FD1B7469A40028095E /* ReminderSelectionViewController.swift in Sources */ = {isa = PBXBuildFile; fileRef = 0E1DD5FC1B7469A40028095E /* ReminderSelectionViewController.swift */; };
		0E1DD6021B7469A40028095E /* Assets.xcassets in Resources */ = {isa = PBXBuildFile; fileRef = 0E1DD6011B7469A40028095E /* Assets.xcassets */; };
		0E1DD6101B7469A40028095E /* LockMinderTests.swift in Sources */ = {isa = PBXBuildFile; fileRef = 0E1DD60F1B7469A40028095E /* LockMinderTests.swift */; };
		0E1DD61B1B7469A40028095E /* LockMinderUITests.swift in Sources */ = {isa = PBXBuildFile; fileRef = 0E1DD61A1B7469A40028095E /* LockMinderUITests.swift */; };
		0E71F58A1B748C89009060A0 /* EventKit.framework in Frameworks */ = {isa = PBXBuildFile; fileRef = 0E71F5891B748C88009060A0 /* EventKit.framework */; };
		0E71F58C1B749330009060A0 /* CheckmarkView.swift in Sources */ = {isa = PBXBuildFile; fileRef = 0E71F58B1B749330009060A0 /* CheckmarkView.swift */; };
		0E71F58E1B74934F009060A0 /* ReminderTableViewCell.swift in Sources */ = {isa = PBXBuildFile; fileRef = 0E71F58D1B74934F009060A0 /* ReminderTableViewCell.swift */; };
		0E71F5921B749C30009060A0 /* NYRoundRectButton.m in Sources */ = {isa = PBXBuildFile; fileRef = 0E71F5911B749C30009060A0 /* NYRoundRectButton.m */; };
		0E71F5951B749DE3009060A0 /* UIColor.swift in Sources */ = {isa = PBXBuildFile; fileRef = 0E71F5941B749DE3009060A0 /* UIColor.swift */; };
		0E8F34F11B8007AB0003565D /* ReminderLoader.swift in Sources */ = {isa = PBXBuildFile; fileRef = 0E8F34F01B8007AB0003565D /* ReminderLoader.swift */; };
		0E91CA811B801CD7007FA386 /* CalendarSelectionViewController.swift in Sources */ = {isa = PBXBuildFile; fileRef = 0E91CA801B801CD7007FA386 /* CalendarSelectionViewController.swift */; };
		0E999EC41B786B9400925AA4 /* ImageGenerator.swift in Sources */ = {isa = PBXBuildFile; fileRef = 0E999EC31B786B9400925AA4 /* ImageGenerator.swift */; };
		0E999EC61B787A6000925AA4 /* ImagePreviewViewController.swift in Sources */ = {isa = PBXBuildFile; fileRef = 0E999EC51B787A6000925AA4 /* ImagePreviewViewController.swift */; };
		0E999ECB1B78AD3800925AA4 /* SourceSansPro-Bold.otf in Resources */ = {isa = PBXBuildFile; fileRef = 0E999EC81B78AD3800925AA4 /* SourceSansPro-Bold.otf */; };
		0E999ECC1B78AD3800925AA4 /* SourceSansPro-Regular.otf in Resources */ = {isa = PBXBuildFile; fileRef = 0E999EC91B78AD3800925AA4 /* SourceSansPro-Regular.otf */; };
		0E999ECD1B78AD3800925AA4 /* SourceSansPro-Semibold.otf in Resources */ = {isa = PBXBuildFile; fileRef = 0E999ECA1B78AD3800925AA4 /* SourceSansPro-Semibold.otf */; };
		0E999ECF1B78ADC600925AA4 /* UIFont.swift in Sources */ = {isa = PBXBuildFile; fileRef = 0E999ECE1B78ADC600925AA4 /* UIFont.swift */; };
		0E999ED11B79137300925AA4 /* AssetsLibrary.framework in Frameworks */ = {isa = PBXBuildFile; fileRef = 0E999ED01B79137300925AA4 /* AssetsLibrary.framework */; };
		0EE204851B747D5E00355A6C /* LaunchScreen.xib in Resources */ = {isa = PBXBuildFile; fileRef = 0EE204841B747D5E00355A6C /* LaunchScreen.xib */; };
		CF4696E613CC1537BB5A87AB /* Pods_LockMinder.framework in Frameworks */ = {isa = PBXBuildFile; fileRef = ACEA458AA540B3881398426F /* Pods_LockMinder.framework */; settings = {ATTRIBUTES = (Weak, ); }; };
/* End PBXBuildFile section */

/* Begin PBXContainerItemProxy section */
		0E1DD60C1B7469A40028095E /* PBXContainerItemProxy */ = {
			isa = PBXContainerItemProxy;
			containerPortal = 0E1DD5EF1B7469A40028095E /* Project object */;
			proxyType = 1;
			remoteGlobalIDString = 0E1DD5F61B7469A40028095E;
			remoteInfo = LockMinder;
		};
		0E1DD6171B7469A40028095E /* PBXContainerItemProxy */ = {
			isa = PBXContainerItemProxy;
			containerPortal = 0E1DD5EF1B7469A40028095E /* Project object */;
			proxyType = 1;
			remoteGlobalIDString = 0E1DD5F61B7469A40028095E;
			remoteInfo = LockMinder;
		};
/* End PBXContainerItemProxy section */

/* Begin PBXFileReference section */
		0E07AC591B80176500134328 /* TableViewCell.swift */ = {isa = PBXFileReference; fileEncoding = 4; lastKnownFileType = sourcecode.swift; path = TableViewCell.swift; sourceTree = "<group>"; };
		0E1DD5F71B7469A40028095E /* LockMinder.app */ = {isa = PBXFileReference; explicitFileType = wrapper.application; includeInIndex = 0; path = LockMinder.app; sourceTree = BUILT_PRODUCTS_DIR; };
		0E1DD5FA1B7469A40028095E /* AppDelegate.swift */ = {isa = PBXFileReference; lastKnownFileType = sourcecode.swift; path = AppDelegate.swift; sourceTree = "<group>"; };
		0E1DD5FC1B7469A40028095E /* ReminderSelectionViewController.swift */ = {isa = PBXFileReference; lastKnownFileType = sourcecode.swift; path = ReminderSelectionViewController.swift; sourceTree = "<group>"; };
		0E1DD6011B7469A40028095E /* Assets.xcassets */ = {isa = PBXFileReference; lastKnownFileType = folder.assetcatalog; path = Assets.xcassets; sourceTree = "<group>"; };
		0E1DD6061B7469A40028095E /* Info.plist */ = {isa = PBXFileReference; lastKnownFileType = text.plist.xml; path = Info.plist; sourceTree = "<group>"; };
		0E1DD60B1B7469A40028095E /* LockMinderTests.xctest */ = {isa = PBXFileReference; explicitFileType = wrapper.cfbundle; includeInIndex = 0; path = LockMinderTests.xctest; sourceTree = BUILT_PRODUCTS_DIR; };
		0E1DD60F1B7469A40028095E /* LockMinderTests.swift */ = {isa = PBXFileReference; lastKnownFileType = sourcecode.swift; path = LockMinderTests.swift; sourceTree = "<group>"; };
		0E1DD6111B7469A40028095E /* Info.plist */ = {isa = PBXFileReference; lastKnownFileType = text.plist.xml; path = Info.plist; sourceTree = "<group>"; };
		0E1DD6161B7469A40028095E /* LockMinderUITests.xctest */ = {isa = PBXFileReference; explicitFileType = wrapper.cfbundle; includeInIndex = 0; path = LockMinderUITests.xctest; sourceTree = BUILT_PRODUCTS_DIR; };
		0E1DD61A1B7469A40028095E /* LockMinderUITests.swift */ = {isa = PBXFileReference; lastKnownFileType = sourcecode.swift; path = LockMinderUITests.swift; sourceTree = "<group>"; };
		0E1DD61C1B7469A40028095E /* Info.plist */ = {isa = PBXFileReference; lastKnownFileType = text.plist.xml; path = Info.plist; sourceTree = "<group>"; };
		0E71F5891B748C88009060A0 /* EventKit.framework */ = {isa = PBXFileReference; lastKnownFileType = wrapper.framework; name = EventKit.framework; path = System/Library/Frameworks/EventKit.framework; sourceTree = SDKROOT; };
		0E71F58B1B749330009060A0 /* CheckmarkView.swift */ = {isa = PBXFileReference; fileEncoding = 4; lastKnownFileType = sourcecode.swift; path = CheckmarkView.swift; sourceTree = "<group>"; };
		0E71F58D1B74934F009060A0 /* ReminderTableViewCell.swift */ = {isa = PBXFileReference; fileEncoding = 4; lastKnownFileType = sourcecode.swift; path = ReminderTableViewCell.swift; sourceTree = "<group>"; };
		0E71F58F1B749C2F009060A0 /* LockMinder-Bridging-Header.h */ = {isa = PBXFileReference; lastKnownFileType = sourcecode.c.h; path = "LockMinder-Bridging-Header.h"; sourceTree = "<group>"; };
		0E71F5901B749C30009060A0 /* NYRoundRectButton.h */ = {isa = PBXFileReference; fileEncoding = 4; lastKnownFileType = sourcecode.c.h; path = NYRoundRectButton.h; sourceTree = "<group>"; };
		0E71F5911B749C30009060A0 /* NYRoundRectButton.m */ = {isa = PBXFileReference; fileEncoding = 4; lastKnownFileType = sourcecode.c.objc; path = NYRoundRectButton.m; sourceTree = "<group>"; };
		0E71F5941B749DE3009060A0 /* UIColor.swift */ = {isa = PBXFileReference; fileEncoding = 4; lastKnownFileType = sourcecode.swift; path = UIColor.swift; sourceTree = "<group>"; };
		0E769BE21B7846CF00D17287 /* Reveal.framework */ = {isa = PBXFileReference; lastKnownFileType = wrapper.framework; name = Reveal.framework; path = LockMinder/Reveal.framework; sourceTree = "<group>"; };
		0E8F34F01B8007AB0003565D /* ReminderLoader.swift */ = {isa = PBXFileReference; fileEncoding = 4; lastKnownFileType = sourcecode.swift; path = ReminderLoader.swift; sourceTree = "<group>"; };
		0E91CA801B801CD7007FA386 /* CalendarSelectionViewController.swift */ = {isa = PBXFileReference; fileEncoding = 4; lastKnownFileType = sourcecode.swift; path = CalendarSelectionViewController.swift; sourceTree = "<group>"; };
		0E999EC31B786B9400925AA4 /* ImageGenerator.swift */ = {isa = PBXFileReference; fileEncoding = 4; lastKnownFileType = sourcecode.swift; path = ImageGenerator.swift; sourceTree = "<group>"; };
		0E999EC51B787A6000925AA4 /* ImagePreviewViewController.swift */ = {isa = PBXFileReference; fileEncoding = 4; lastKnownFileType = sourcecode.swift; path = ImagePreviewViewController.swift; sourceTree = "<group>"; };
		0E999EC81B78AD3800925AA4 /* SourceSansPro-Bold.otf */ = {isa = PBXFileReference; lastKnownFileType = file; path = "SourceSansPro-Bold.otf"; sourceTree = "<group>"; };
		0E999EC91B78AD3800925AA4 /* SourceSansPro-Regular.otf */ = {isa = PBXFileReference; lastKnownFileType = file; path = "SourceSansPro-Regular.otf"; sourceTree = "<group>"; };
		0E999ECA1B78AD3800925AA4 /* SourceSansPro-Semibold.otf */ = {isa = PBXFileReference; lastKnownFileType = file; path = "SourceSansPro-Semibold.otf"; sourceTree = "<group>"; };
		0E999ECE1B78ADC600925AA4 /* UIFont.swift */ = {isa = PBXFileReference; fileEncoding = 4; lastKnownFileType = sourcecode.swift; path = UIFont.swift; sourceTree = "<group>"; };
		0E999ED01B79137300925AA4 /* AssetsLibrary.framework */ = {isa = PBXFileReference; lastKnownFileType = wrapper.framework; name = AssetsLibrary.framework; path = System/Library/Frameworks/AssetsLibrary.framework; sourceTree = SDKROOT; };
		0EE204841B747D5E00355A6C /* LaunchScreen.xib */ = {isa = PBXFileReference; fileEncoding = 4; lastKnownFileType = file.xib; path = LaunchScreen.xib; sourceTree = "<group>"; };
		919EF39EBC215CD5DE7F44BB /* Pods-LockMinder.release.xcconfig */ = {isa = PBXFileReference; includeInIndex = 1; lastKnownFileType = text.xcconfig; name = "Pods-LockMinder.release.xcconfig"; path = "Pods/Target Support Files/Pods-LockMinder/Pods-LockMinder.release.xcconfig"; sourceTree = "<group>"; };
		A1E692CD93E81D05CB484F80 /* Pods-LockMinder.debug.xcconfig */ = {isa = PBXFileReference; includeInIndex = 1; lastKnownFileType = text.xcconfig; name = "Pods-LockMinder.debug.xcconfig"; path = "Pods/Target Support Files/Pods-LockMinder/Pods-LockMinder.debug.xcconfig"; sourceTree = "<group>"; };
		ACEA458AA540B3881398426F /* Pods_LockMinder.framework */ = {isa = PBXFileReference; explicitFileType = wrapper.framework; includeInIndex = 0; path = Pods_LockMinder.framework; sourceTree = BUILT_PRODUCTS_DIR; };
/* End PBXFileReference section */

/* Begin PBXFrameworksBuildPhase section */
		0E1DD5F41B7469A40028095E /* Frameworks */ = {
			isa = PBXFrameworksBuildPhase;
			buildActionMask = 2147483647;
			files = (
				0E999ED11B79137300925AA4 /* AssetsLibrary.framework in Frameworks */,
				0E71F58A1B748C89009060A0 /* EventKit.framework in Frameworks */,
				CF4696E613CC1537BB5A87AB /* Pods_LockMinder.framework in Frameworks */,
			);
			runOnlyForDeploymentPostprocessing = 0;
		};
		0E1DD6081B7469A40028095E /* Frameworks */ = {
			isa = PBXFrameworksBuildPhase;
			buildActionMask = 2147483647;
			files = (
			);
			runOnlyForDeploymentPostprocessing = 0;
		};
		0E1DD6131B7469A40028095E /* Frameworks */ = {
			isa = PBXFrameworksBuildPhase;
			buildActionMask = 2147483647;
			files = (
			);
			runOnlyForDeploymentPostprocessing = 0;
		};
/* End PBXFrameworksBuildPhase section */

/* Begin PBXGroup section */
		0E1DD5EE1B7469A40028095E = {
			isa = PBXGroup;
			children = (
				0E1DD5F91B7469A40028095E /* LockMinder */,
				0E1DD60E1B7469A40028095E /* LockMinderTests */,
				0E1DD6191B7469A40028095E /* LockMinderUITests */,
				0E1DD5F81B7469A40028095E /* Products */,
				3EC05CF666DED2643AC11498 /* Pods */,
				3FC3ACD6D408685EBF223DB9 /* Frameworks */,
			);
			sourceTree = "<group>";
		};
		0E1DD5F81B7469A40028095E /* Products */ = {
			isa = PBXGroup;
			children = (
				0E1DD5F71B7469A40028095E /* LockMinder.app */,
				0E1DD60B1B7469A40028095E /* LockMinderTests.xctest */,
				0E1DD6161B7469A40028095E /* LockMinderUITests.xctest */,
			);
			name = Products;
			sourceTree = "<group>";
		};
		0E1DD5F91B7469A40028095E /* LockMinder */ = {
			isa = PBXGroup;
			children = (
				0E1DD5FA1B7469A40028095E /* AppDelegate.swift */,
				0E8F34F01B8007AB0003565D /* ReminderLoader.swift */,
				0E999EC31B786B9400925AA4 /* ImageGenerator.swift */,
				0E91CA821B801CE1007FA386 /* View Controllers */,
				0E91CA841B801CF4007FA386 /* Views */,
				0E91CA831B801CEC007FA386 /* Extensions */,
				0E999EC71B78AD3800925AA4 /* Fonts */,
				0E71F5931B749C36009060A0 /* Vendor */,
				0EE204841B747D5E00355A6C /* LaunchScreen.xib */,
				0E1DD6011B7469A40028095E /* Assets.xcassets */,
				0E1DD6061B7469A40028095E /* Info.plist */,
				0E71F58F1B749C2F009060A0 /* LockMinder-Bridging-Header.h */,
			);
			path = LockMinder;
			sourceTree = "<group>";
		};
		0E1DD60E1B7469A40028095E /* LockMinderTests */ = {
			isa = PBXGroup;
			children = (
				0E1DD60F1B7469A40028095E /* LockMinderTests.swift */,
				0E1DD6111B7469A40028095E /* Info.plist */,
			);
			path = LockMinderTests;
			sourceTree = "<group>";
		};
		0E1DD6191B7469A40028095E /* LockMinderUITests */ = {
			isa = PBXGroup;
			children = (
				0E1DD61A1B7469A40028095E /* LockMinderUITests.swift */,
				0E1DD61C1B7469A40028095E /* Info.plist */,
			);
			path = LockMinderUITests;
			sourceTree = "<group>";
		};
		0E71F5931B749C36009060A0 /* Vendor */ = {
			isa = PBXGroup;
			children = (
				0E71F5901B749C30009060A0 /* NYRoundRectButton.h */,
				0E71F5911B749C30009060A0 /* NYRoundRectButton.m */,
			);
			name = Vendor;
			sourceTree = "<group>";
		};
		0E91CA821B801CE1007FA386 /* View Controllers */ = {
			isa = PBXGroup;
			children = (
				0E1DD5FC1B7469A40028095E /* ReminderSelectionViewController.swift */,
				0E91CA801B801CD7007FA386 /* CalendarSelectionViewController.swift */,
				0E999EC51B787A6000925AA4 /* ImagePreviewViewController.swift */,
			);
			name = "View Controllers";
			sourceTree = "<group>";
		};
		0E91CA831B801CEC007FA386 /* Extensions */ = {
			isa = PBXGroup;
			children = (
				0E71F5941B749DE3009060A0 /* UIColor.swift */,
				0E999ECE1B78ADC600925AA4 /* UIFont.swift */,
			);
			name = Extensions;
			sourceTree = "<group>";
		};
		0E91CA841B801CF4007FA386 /* Views */ = {
			isa = PBXGroup;
			children = (
				0E71F58B1B749330009060A0 /* CheckmarkView.swift */,
				0E71F58D1B74934F009060A0 /* ReminderTableViewCell.swift */,
				0E07AC591B80176500134328 /* TableViewCell.swift */,
			);
			name = Views;
			sourceTree = "<group>";
		};
		0E999EC71B78AD3800925AA4 /* Fonts */ = {
			isa = PBXGroup;
			children = (
				0E999EC81B78AD3800925AA4 /* SourceSansPro-Bold.otf */,
				0E999EC91B78AD3800925AA4 /* SourceSansPro-Regular.otf */,
				0E999ECA1B78AD3800925AA4 /* SourceSansPro-Semibold.otf */,
			);
			path = Fonts;
			sourceTree = "<group>";
		};
		3EC05CF666DED2643AC11498 /* Pods */ = {
			isa = PBXGroup;
			children = (
				A1E692CD93E81D05CB484F80 /* Pods-LockMinder.debug.xcconfig */,
				919EF39EBC215CD5DE7F44BB /* Pods-LockMinder.release.xcconfig */,
			);
			name = Pods;
			sourceTree = "<group>";
		};
		3FC3ACD6D408685EBF223DB9 /* Frameworks */ = {
			isa = PBXGroup;
			children = (
				0E999ED01B79137300925AA4 /* AssetsLibrary.framework */,
				0E769BE21B7846CF00D17287 /* Reveal.framework */,
				0E71F5891B748C88009060A0 /* EventKit.framework */,
				ACEA458AA540B3881398426F /* Pods_LockMinder.framework */,
			);
			name = Frameworks;
			sourceTree = "<group>";
		};
/* End PBXGroup section */

/* Begin PBXNativeTarget section */
		0E1DD5F61B7469A40028095E /* LockMinder */ = {
			isa = PBXNativeTarget;
			buildConfigurationList = 0E1DD61F1B7469A40028095E /* Build configuration list for PBXNativeTarget "LockMinder" */;
			buildPhases = (
				3FA86B4C6D1787741D3E9E04 /* Check Pods Manifest.lock */,
				0E1DD5F31B7469A40028095E /* Sources */,
				0E1DD5F41B7469A40028095E /* Frameworks */,
				0E1DD5F51B7469A40028095E /* Resources */,
				EA0B8E3CCA51BDF8614EF767 /* Embed Pods Frameworks */,
				66BDC1A11AA6EB43E21DBF29 /* Copy Pods Resources */,
			);
			buildRules = (
			);
			dependencies = (
			);
			name = LockMinder;
			productName = LockMinder;
			productReference = 0E1DD5F71B7469A40028095E /* LockMinder.app */;
			productType = "com.apple.product-type.application";
		};
		0E1DD60A1B7469A40028095E /* LockMinderTests */ = {
			isa = PBXNativeTarget;
			buildConfigurationList = 0E1DD6221B7469A40028095E /* Build configuration list for PBXNativeTarget "LockMinderTests" */;
			buildPhases = (
				0E1DD6071B7469A40028095E /* Sources */,
				0E1DD6081B7469A40028095E /* Frameworks */,
				0E1DD6091B7469A40028095E /* Resources */,
			);
			buildRules = (
			);
			dependencies = (
				0E1DD60D1B7469A40028095E /* PBXTargetDependency */,
			);
			name = LockMinderTests;
			productName = LockMinderTests;
			productReference = 0E1DD60B1B7469A40028095E /* LockMinderTests.xctest */;
			productType = "com.apple.product-type.bundle.unit-test";
		};
		0E1DD6151B7469A40028095E /* LockMinderUITests */ = {
			isa = PBXNativeTarget;
			buildConfigurationList = 0E1DD6251B7469A40028095E /* Build configuration list for PBXNativeTarget "LockMinderUITests" */;
			buildPhases = (
				0E1DD6121B7469A40028095E /* Sources */,
				0E1DD6131B7469A40028095E /* Frameworks */,
				0E1DD6141B7469A40028095E /* Resources */,
			);
			buildRules = (
			);
			dependencies = (
				0E1DD6181B7469A40028095E /* PBXTargetDependency */,
			);
			name = LockMinderUITests;
			productName = LockMinderUITests;
			productReference = 0E1DD6161B7469A40028095E /* LockMinderUITests.xctest */;
			productType = "com.apple.product-type.bundle.ui-testing";
		};
/* End PBXNativeTarget section */

/* Begin PBXProject section */
		0E1DD5EF1B7469A40028095E /* Project object */ = {
			isa = PBXProject;
			attributes = {
				LastUpgradeCheck = 0700;
				ORGANIZATIONNAME = "Nealon Young";
				TargetAttributes = {
					0E1DD5F61B7469A40028095E = {
						CreatedOnToolsVersion = 7.0;
						DevelopmentTeam = HFG3GB6CJM;
					};
					0E1DD60A1B7469A40028095E = {
						CreatedOnToolsVersion = 7.0;
						TestTargetID = 0E1DD5F61B7469A40028095E;
					};
					0E1DD6151B7469A40028095E = {
						CreatedOnToolsVersion = 7.0;
						TestTargetID = 0E1DD5F61B7469A40028095E;
					};
				};
			};
			buildConfigurationList = 0E1DD5F21B7469A40028095E /* Build configuration list for PBXProject "LockMinder" */;
			compatibilityVersion = "Xcode 3.2";
			developmentRegion = English;
			hasScannedForEncodings = 0;
			knownRegions = (
				en,
				Base,
			);
			mainGroup = 0E1DD5EE1B7469A40028095E;
			productRefGroup = 0E1DD5F81B7469A40028095E /* Products */;
			projectDirPath = "";
			projectRoot = "";
			targets = (
				0E1DD5F61B7469A40028095E /* LockMinder */,
				0E1DD60A1B7469A40028095E /* LockMinderTests */,
				0E1DD6151B7469A40028095E /* LockMinderUITests */,
			);
		};
/* End PBXProject section */

/* Begin PBXResourcesBuildPhase section */
		0E1DD5F51B7469A40028095E /* Resources */ = {
			isa = PBXResourcesBuildPhase;
			buildActionMask = 2147483647;
			files = (
				0EE204851B747D5E00355A6C /* LaunchScreen.xib in Resources */,
				0E999ECB1B78AD3800925AA4 /* SourceSansPro-Bold.otf in Resources */,
				0E999ECC1B78AD3800925AA4 /* SourceSansPro-Regular.otf in Resources */,
				0E1DD6021B7469A40028095E /* Assets.xcassets in Resources */,
				0E999ECD1B78AD3800925AA4 /* SourceSansPro-Semibold.otf in Resources */,
			);
			runOnlyForDeploymentPostprocessing = 0;
		};
		0E1DD6091B7469A40028095E /* Resources */ = {
			isa = PBXResourcesBuildPhase;
			buildActionMask = 2147483647;
			files = (
			);
			runOnlyForDeploymentPostprocessing = 0;
		};
		0E1DD6141B7469A40028095E /* Resources */ = {
			isa = PBXResourcesBuildPhase;
			buildActionMask = 2147483647;
			files = (
			);
			runOnlyForDeploymentPostprocessing = 0;
		};
/* End PBXResourcesBuildPhase section */

/* Begin PBXShellScriptBuildPhase section */
		3FA86B4C6D1787741D3E9E04 /* Check Pods Manifest.lock */ = {
			isa = PBXShellScriptBuildPhase;
			buildActionMask = 2147483647;
			files = (
			);
			inputPaths = (
			);
			name = "Check Pods Manifest.lock";
			outputPaths = (
			);
			runOnlyForDeploymentPostprocessing = 0;
			shellPath = /bin/sh;
			shellScript = "diff \"${PODS_ROOT}/../Podfile.lock\" \"${PODS_ROOT}/Manifest.lock\" > /dev/null\nif [[ $? != 0 ]] ; then\n    cat << EOM\nerror: The sandbox is not in sync with the Podfile.lock. Run 'pod install' or update your CocoaPods installation.\nEOM\n    exit 1\nfi\n";
			showEnvVarsInLog = 0;
		};
		66BDC1A11AA6EB43E21DBF29 /* Copy Pods Resources */ = {
			isa = PBXShellScriptBuildPhase;
			buildActionMask = 2147483647;
			files = (
			);
			inputPaths = (
			);
			name = "Copy Pods Resources";
			outputPaths = (
			);
			runOnlyForDeploymentPostprocessing = 0;
			shellPath = /bin/sh;
			shellScript = "\"${SRCROOT}/Pods/Target Support Files/Pods-LockMinder/Pods-LockMinder-resources.sh\"\n";
			showEnvVarsInLog = 0;
		};
		EA0B8E3CCA51BDF8614EF767 /* Embed Pods Frameworks */ = {
			isa = PBXShellScriptBuildPhase;
			buildActionMask = 2147483647;
			files = (
			);
			inputPaths = (
			);
			name = "Embed Pods Frameworks";
			outputPaths = (
			);
			runOnlyForDeploymentPostprocessing = 0;
			shellPath = /bin/sh;
			shellScript = "\"${SRCROOT}/Pods/Target Support Files/Pods-LockMinder/Pods-LockMinder-frameworks.sh\"\n";
			showEnvVarsInLog = 0;
		};
/* End PBXShellScriptBuildPhase section */

/* Begin PBXSourcesBuildPhase section */
		0E1DD5F31B7469A40028095E /* Sources */ = {
			isa = PBXSourcesBuildPhase;
			buildActionMask = 2147483647;
			files = (
				0E1DD5FD1B7469A40028095E /* ReminderSelectionViewController.swift in Sources */,
				0E71F5951B749DE3009060A0 /* UIColor.swift in Sources */,
				0E71F58C1B749330009060A0 /* CheckmarkView.swift in Sources */,
				0E999EC41B786B9400925AA4 /* ImageGenerator.swift in Sources */,
				0E1DD5FB1B7469A40028095E /* AppDelegate.swift in Sources */,
				0E71F5921B749C30009060A0 /* NYRoundRectButton.m in Sources */,
				0E07AC5A1B80176500134328 /* TableViewCell.swift in Sources */,
				0E91CA811B801CD7007FA386 /* CalendarSelectionViewController.swift in Sources */,
				0E8F34F11B8007AB0003565D /* ReminderLoader.swift in Sources */,
				0E999EC61B787A6000925AA4 /* ImagePreviewViewController.swift in Sources */,
				0E71F58E1B74934F009060A0 /* ReminderTableViewCell.swift in Sources */,
				0E999ECF1B78ADC600925AA4 /* UIFont.swift in Sources */,
			);
			runOnlyForDeploymentPostprocessing = 0;
		};
		0E1DD6071B7469A40028095E /* Sources */ = {
			isa = PBXSourcesBuildPhase;
			buildActionMask = 2147483647;
			files = (
				0E1DD6101B7469A40028095E /* LockMinderTests.swift in Sources */,
			);
			runOnlyForDeploymentPostprocessing = 0;
		};
		0E1DD6121B7469A40028095E /* Sources */ = {
			isa = PBXSourcesBuildPhase;
			buildActionMask = 2147483647;
			files = (
				0E1DD61B1B7469A40028095E /* LockMinderUITests.swift in Sources */,
			);
			runOnlyForDeploymentPostprocessing = 0;
		};
/* End PBXSourcesBuildPhase section */

/* Begin PBXTargetDependency section */
		0E1DD60D1B7469A40028095E /* PBXTargetDependency */ = {
			isa = PBXTargetDependency;
			target = 0E1DD5F61B7469A40028095E /* LockMinder */;
			targetProxy = 0E1DD60C1B7469A40028095E /* PBXContainerItemProxy */;
		};
		0E1DD6181B7469A40028095E /* PBXTargetDependency */ = {
			isa = PBXTargetDependency;
			target = 0E1DD5F61B7469A40028095E /* LockMinder */;
			targetProxy = 0E1DD6171B7469A40028095E /* PBXContainerItemProxy */;
		};
/* End PBXTargetDependency section */

/* Begin XCBuildConfiguration section */
		0E1DD61D1B7469A40028095E /* Debug */ = {
			isa = XCBuildConfiguration;
			buildSettings = {
				ALWAYS_SEARCH_USER_PATHS = NO;
				CLANG_CXX_LANGUAGE_STANDARD = "gnu++0x";
				CLANG_CXX_LIBRARY = "libc++";
				CLANG_ENABLE_MODULES = YES;
				CLANG_ENABLE_OBJC_ARC = YES;
				CLANG_WARN_BOOL_CONVERSION = YES;
				CLANG_WARN_CONSTANT_CONVERSION = YES;
				CLANG_WARN_DIRECT_OBJC_ISA_USAGE = YES_ERROR;
				CLANG_WARN_EMPTY_BODY = YES;
				CLANG_WARN_ENUM_CONVERSION = YES;
				CLANG_WARN_INT_CONVERSION = YES;
				CLANG_WARN_OBJC_ROOT_CLASS = YES_ERROR;
				CLANG_WARN_UNREACHABLE_CODE = YES;
				CLANG_WARN__DUPLICATE_METHOD_MATCH = YES;
				"CODE_SIGN_IDENTITY[sdk=iphoneos*]" = "iPhone Developer";
				COPY_PHASE_STRIP = NO;
				DEBUG_INFORMATION_FORMAT = dwarf;
				ENABLE_STRICT_OBJC_MSGSEND = YES;
				ENABLE_TESTABILITY = YES;
				GCC_C_LANGUAGE_STANDARD = gnu99;
				GCC_DYNAMIC_NO_PIC = NO;
				GCC_NO_COMMON_BLOCKS = YES;
				GCC_OPTIMIZATION_LEVEL = 0;
				GCC_PREPROCESSOR_DEFINITIONS = (
					"DEBUG=1",
					"$(inherited)",
				);
				GCC_WARN_64_TO_32_BIT_CONVERSION = YES;
				GCC_WARN_ABOUT_RETURN_TYPE = YES_ERROR;
				GCC_WARN_UNDECLARED_SELECTOR = YES;
				GCC_WARN_UNINITIALIZED_AUTOS = YES_AGGRESSIVE;
				GCC_WARN_UNUSED_FUNCTION = YES;
				GCC_WARN_UNUSED_VARIABLE = YES;
				IPHONEOS_DEPLOYMENT_TARGET = 9.0;
				MTL_ENABLE_DEBUG_INFO = YES;
				ONLY_ACTIVE_ARCH = YES;
				SDKROOT = iphoneos;
				SWIFT_OPTIMIZATION_LEVEL = "-Onone";
				TARGETED_DEVICE_FAMILY = "1,2";
			};
			name = Debug;
		};
		0E1DD61E1B7469A40028095E /* Release */ = {
			isa = XCBuildConfiguration;
			buildSettings = {
				ALWAYS_SEARCH_USER_PATHS = NO;
				CLANG_CXX_LANGUAGE_STANDARD = "gnu++0x";
				CLANG_CXX_LIBRARY = "libc++";
				CLANG_ENABLE_MODULES = YES;
				CLANG_ENABLE_OBJC_ARC = YES;
				CLANG_WARN_BOOL_CONVERSION = YES;
				CLANG_WARN_CONSTANT_CONVERSION = YES;
				CLANG_WARN_DIRECT_OBJC_ISA_USAGE = YES_ERROR;
				CLANG_WARN_EMPTY_BODY = YES;
				CLANG_WARN_ENUM_CONVERSION = YES;
				CLANG_WARN_INT_CONVERSION = YES;
				CLANG_WARN_OBJC_ROOT_CLASS = YES_ERROR;
				CLANG_WARN_UNREACHABLE_CODE = YES;
				CLANG_WARN__DUPLICATE_METHOD_MATCH = YES;
				"CODE_SIGN_IDENTITY[sdk=iphoneos*]" = "iPhone Developer";
				COPY_PHASE_STRIP = NO;
				DEBUG_INFORMATION_FORMAT = "dwarf-with-dsym";
				ENABLE_NS_ASSERTIONS = NO;
				ENABLE_STRICT_OBJC_MSGSEND = YES;
				GCC_C_LANGUAGE_STANDARD = gnu99;
				GCC_NO_COMMON_BLOCKS = YES;
				GCC_WARN_64_TO_32_BIT_CONVERSION = YES;
				GCC_WARN_ABOUT_RETURN_TYPE = YES_ERROR;
				GCC_WARN_UNDECLARED_SELECTOR = YES;
				GCC_WARN_UNINITIALIZED_AUTOS = YES_AGGRESSIVE;
				GCC_WARN_UNUSED_FUNCTION = YES;
				GCC_WARN_UNUSED_VARIABLE = YES;
				IPHONEOS_DEPLOYMENT_TARGET = 9.0;
				MTL_ENABLE_DEBUG_INFO = NO;
				SDKROOT = iphoneos;
				TARGETED_DEVICE_FAMILY = "1,2";
				VALIDATE_PRODUCT = YES;
			};
			name = Release;
		};
		0E1DD6201B7469A40028095E /* Debug */ = {
			isa = XCBuildConfiguration;
			baseConfigurationReference = A1E692CD93E81D05CB484F80 /* Pods-LockMinder.debug.xcconfig */;
			buildSettings = {
				ASSETCATALOG_COMPILER_APPICON_NAME = AppIcon;
				CLANG_ENABLE_MODULES = YES;
				CODE_SIGN_IDENTITY = "iPhone Developer";
				"CODE_SIGN_IDENTITY[sdk=iphoneos*]" = "iPhone Developer";
				FRAMEWORK_SEARCH_PATHS = (
					"$(inherited)",
					"$(PROJECT_DIR)/LockMinder",
				);
				INFOPLIST_FILE = LockMinder/Info.plist;
				IPHONEOS_DEPLOYMENT_TARGET = 8.0;
				LD_RUNPATH_SEARCH_PATHS = "$(inherited) @executable_path/Frameworks";
				OTHER_LDFLAGS = (
					"$(inherited)",
					"-l\"z\"",
					"-framework",
					"\"CFNetwork\"",
					"-framework",
					"\"CoreGraphics\"",
					"-framework",
					"\"QuartzCore\"",
					"-framework",
					"\"Reveal\"",
					"-framework",
					"\"SnapKit\"",
					"-ObjC",
					"-lz",
					"-framework",
					Reveal,
				);
				PRODUCT_BUNDLE_IDENTIFIER = com.nealonyoung.LockMinder;
				PRODUCT_NAME = "$(TARGET_NAME)";
				PROVISIONING_PROFILE = "";
				SWIFT_OBJC_BRIDGING_HEADER = "LockMinder/LockMinder-Bridging-Header.h";
				SWIFT_OPTIMIZATION_LEVEL = "-Onone";
				TARGETED_DEVICE_FAMILY = 1;
			};
			name = Debug;
		};
		0E1DD6211B7469A40028095E /* Release */ = {
			isa = XCBuildConfiguration;
			baseConfigurationReference = 919EF39EBC215CD5DE7F44BB /* Pods-LockMinder.release.xcconfig */;
			buildSettings = {
				ASSETCATALOG_COMPILER_APPICON_NAME = AppIcon;
				CLANG_ENABLE_MODULES = YES;
				CODE_SIGN_IDENTITY = "iPhone Developer";
				"CODE_SIGN_IDENTITY[sdk=iphoneos*]" = "iPhone Developer";
				FRAMEWORK_SEARCH_PATHS = (
					"$(inherited)",
					"$(PROJECT_DIR)/LockMinder",
				);
				INFOPLIST_FILE = LockMinder/Info.plist;
				IPHONEOS_DEPLOYMENT_TARGET = 8.0;
				LD_RUNPATH_SEARCH_PATHS = "$(inherited) @executable_path/Frameworks";
				PRODUCT_BUNDLE_IDENTIFIER = com.nealonyoung.LockMinder;
				PRODUCT_NAME = "$(TARGET_NAME)";
				PROVISIONING_PROFILE = "";
				SWIFT_OBJC_BRIDGING_HEADER = "LockMinder/LockMinder-Bridging-Header.h";
				TARGETED_DEVICE_FAMILY = 1;
			};
			name = Release;
		};
		0E1DD6231B7469A40028095E /* Debug */ = {
			isa = XCBuildConfiguration;
			buildSettings = {
				BUNDLE_LOADER = "$(TEST_HOST)";
				INFOPLIST_FILE = LockMinderTests/Info.plist;
				IPHONEOS_DEPLOYMENT_TARGET = 8.4;
				LD_RUNPATH_SEARCH_PATHS = "$(inherited) @executable_path/Frameworks @loader_path/Frameworks";
				PRODUCT_BUNDLE_IDENTIFIER = com.nealonyoung.LockMinderTests;
				PRODUCT_NAME = "$(TARGET_NAME)";
				TEST_HOST = "$(BUILT_PRODUCTS_DIR)/LockMinder.app/LockMinder";
			};
			name = Debug;
		};
		0E1DD6241B7469A40028095E /* Release */ = {
			isa = XCBuildConfiguration;
			buildSettings = {
				BUNDLE_LOADER = "$(TEST_HOST)";
				INFOPLIST_FILE = LockMinderTests/Info.plist;
				IPHONEOS_DEPLOYMENT_TARGET = 8.4;
				LD_RUNPATH_SEARCH_PATHS = "$(inherited) @executable_path/Frameworks @loader_path/Frameworks";
				PRODUCT_BUNDLE_IDENTIFIER = com.nealonyoung.LockMinderTests;
				PRODUCT_NAME = "$(TARGET_NAME)";
				TEST_HOST = "$(BUILT_PRODUCTS_DIR)/LockMinder.app/LockMinder";
			};
			name = Release;
		};
		0E1DD6261B7469A40028095E /* Debug */ = {
			isa = XCBuildConfiguration;
			buildSettings = {
				INFOPLIST_FILE = LockMinderUITests/Info.plist;
				IPHONEOS_DEPLOYMENT_TARGET = 8.4;
				LD_RUNPATH_SEARCH_PATHS = "$(inherited) @executable_path/Frameworks @loader_path/Frameworks";
				PRODUCT_BUNDLE_IDENTIFIER = com.nealonyoung.LockMinderUITests;
				PRODUCT_NAME = "$(TARGET_NAME)";
				TEST_TARGET_NAME = LockMinder;
				USES_XCTRUNNER = YES;
			};
			name = Debug;
		};
		0E1DD6271B7469A40028095E /* Release */ = {
			isa = XCBuildConfiguration;
			buildSettings = {
				INFOPLIST_FILE = LockMinderUITests/Info.plist;
				IPHONEOS_DEPLOYMENT_TARGET = 8.4;
				LD_RUNPATH_SEARCH_PATHS = "$(inherited) @executable_path/Frameworks @loader_path/Frameworks";
				PRODUCT_BUNDLE_IDENTIFIER = com.nealonyoung.LockMinderUITests;
				PRODUCT_NAME = "$(TARGET_NAME)";
				TEST_TARGET_NAME = LockMinder;
				USES_XCTRUNNER = YES;
			};
			name = Release;
		};
/* End XCBuildConfiguration section */

/* Begin XCConfigurationList section */
		0E1DD5F21B7469A40028095E /* Build configuration list for PBXProject "LockMinder" */ = {
			isa = XCConfigurationList;
			buildConfigurations = (
				0E1DD61D1B7469A40028095E /* Debug */,
				0E1DD61E1B7469A40028095E /* Release */,
			);
			defaultConfigurationIsVisible = 0;
			defaultConfigurationName = Release;
		};
		0E1DD61F1B7469A40028095E /* Build configuration list for PBXNativeTarget "LockMinder" */ = {
			isa = XCConfigurationList;
			buildConfigurations = (
				0E1DD6201B7469A40028095E /* Debug */,
				0E1DD6211B7469A40028095E /* Release */,
			);
			defaultConfigurationIsVisible = 0;
			defaultConfigurationName = Release;
		};
		0E1DD6221B7469A40028095E /* Build configuration list for PBXNativeTarget "LockMinderTests" */ = {
			isa = XCConfigurationList;
			buildConfigurations = (
				0E1DD6231B7469A40028095E /* Debug */,
				0E1DD6241B7469A40028095E /* Release */,
			);
			defaultConfigurationIsVisible = 0;
			defaultConfigurationName = Release;
		};
		0E1DD6251B7469A40028095E /* Build configuration list for PBXNativeTarget "LockMinderUITests" */ = {
			isa = XCConfigurationList;
			buildConfigurations = (
				0E1DD6261B7469A40028095E /* Debug */,
				0E1DD6271B7469A40028095E /* Release */,
			);
			defaultConfigurationIsVisible = 0;
			defaultConfigurationName = Release;
		};
/* End XCConfigurationList section */
	};
	rootObject = 0E1DD5EF1B7469A40028095E /* Project object */;
}
